// !$*UTF8*$!
{
	archiveVersion = 1;
	classes = {
	};
	objectVersion = 56;
	objects = {

/* Begin PBXBuildFile section */
		08368B9C2C6E5AE1008EB44B /* UISProfileView.swift in Sources */ = {isa = PBXBuildFile; fileRef = 08368B9B2C6E5AE1008EB44B /* UISProfileView.swift */; };
		0865DA742C7AB56B00779741 /* UISBirthView.swift in Sources */ = {isa = PBXBuildFile; fileRef = 0865DA732C7AB56B00779741 /* UISBirthView.swift */; };
		C61A47292C6686760016986D /* WantedSans-Medium.otf in Resources */ = {isa = PBXBuildFile; fileRef = C61A47252C6686760016986D /* WantedSans-Medium.otf */; };
		C61A472A2C6686760016986D /* WantedSans-Bold.otf in Resources */ = {isa = PBXBuildFile; fileRef = C61A47262C6686760016986D /* WantedSans-Bold.otf */; };
		C61A472B2C6686760016986D /* WantedSans-Regular.otf in Resources */ = {isa = PBXBuildFile; fileRef = C61A47272C6686760016986D /* WantedSans-Regular.otf */; };
		C61A472C2C6686760016986D /* WantedSans-SemiBold.otf in Resources */ = {isa = PBXBuildFile; fileRef = C61A47282C6686760016986D /* WantedSans-SemiBold.otf */; };
		C61A47302C6687690016986D /* Font+Extension.swift in Sources */ = {isa = PBXBuildFile; fileRef = C61A472F2C6687690016986D /* Font+Extension.swift */; };
		C61EDBA92C679C4600E8FF83 /* OnboardingView.swift in Sources */ = {isa = PBXBuildFile; fileRef = C61EDBA82C679C4600E8FF83 /* OnboardingView.swift */; };
		C61EDBAB2C679E1300E8FF83 /* MainButton.swift in Sources */ = {isa = PBXBuildFile; fileRef = C61EDBAA2C679E1300E8FF83 /* MainButton.swift */; };
		C61EDBAD2C68AA0500E8FF83 /* OnboardingViewModel.swift in Sources */ = {isa = PBXBuildFile; fileRef = C61EDBAC2C68AA0500E8FF83 /* OnboardingViewModel.swift */; };
		C61EDBB12C68B17C00E8FF83 /* OnboardingContent.swift in Sources */ = {isa = PBXBuildFile; fileRef = C61EDBB02C68B17C00E8FF83 /* OnboardingContent.swift */; };
		C668E9C62C7AABA300298B52 /* UISHeaderView.swift in Sources */ = {isa = PBXBuildFile; fileRef = C668E9C52C7AABA300298B52 /* UISHeaderView.swift */; };
		C668E9C82C7AB0BE00298B52 /* UISActiveAreaView.swift in Sources */ = {isa = PBXBuildFile; fileRef = C668E9C72C7AB0BE00298B52 /* UISActiveAreaView.swift */; };
		C668E9CA2C7ABC2D00298B52 /* AreaData.swift in Sources */ = {isa = PBXBuildFile; fileRef = C668E9C92C7ABC2D00298B52 /* AreaData.swift */; };
		C695BDEE2C64A2C1009DEC3C /* Example.swift in Sources */ = {isa = PBXBuildFile; fileRef = C695BDED2C64A2C1009DEC3C /* Example.swift */; };
		C695BE0D2C64CCA0009DEC3C /* AppDelegate.swift in Sources */ = {isa = PBXBuildFile; fileRef = C695BE0C2C64CCA0009DEC3C /* AppDelegate.swift */; };
		C695BE0F2C64CD59009DEC3C /* Launch Screen.storyboard in Resources */ = {isa = PBXBuildFile; fileRef = C695BE0E2C64CD59009DEC3C /* Launch Screen.storyboard */; };
		C695CB4C2C7DE30100BB3952 /* TestEntity.swift in Sources */ = {isa = PBXBuildFile; fileRef = C695CB4B2C7DE30100BB3952 /* TestEntity.swift */; };
		C695CB4E2C7DE9E000BB3952 /* UISInterestView.swift in Sources */ = {isa = PBXBuildFile; fileRef = C695CB4D2C7DE9E000BB3952 /* UISInterestView.swift */; };
		C695CB502C7DE9FB00BB3952 /* GridButtonView.swift in Sources */ = {isa = PBXBuildFile; fileRef = C695CB4F2C7DE9FB00BB3952 /* GridButtonView.swift */; };
		C695CB522C7DEB4600BB3952 /* GridButtonContent.swift in Sources */ = {isa = PBXBuildFile; fileRef = C695CB512C7DEB4600BB3952 /* GridButtonContent.swift */; };
		C695CB542C7DF95D00BB3952 /* RadiusBorder.swift in Sources */ = {isa = PBXBuildFile; fileRef = C695CB532C7DF95D00BB3952 /* RadiusBorder.swift */; };
		C6A10AD02C6C7D5E001AA74E /* UserInfoSetupView.swift in Sources */ = {isa = PBXBuildFile; fileRef = C6A10ACF2C6C7D5E001AA74E /* UserInfoSetupView.swift */; };
		C6A10AD22C6C86BE001AA74E /* BackButtonStyle.swift in Sources */ = {isa = PBXBuildFile; fileRef = C6A10AD12C6C86BE001AA74E /* BackButtonStyle.swift */; };
		C6A10AD42C6C8CCC001AA74E /* UserInfoSetupViewModel.swift in Sources */ = {isa = PBXBuildFile; fileRef = C6A10AD32C6C8CCC001AA74E /* UserInfoSetupViewModel.swift */; };
		C6A10AD62C6C8D2E001AA74E /* UserInfoSetupContent.swift in Sources */ = {isa = PBXBuildFile; fileRef = C6A10AD52C6C8D2E001AA74E /* UserInfoSetupContent.swift */; };
		C6B00C152C590A0E009AC4E2 /* BBIPApp.swift in Sources */ = {isa = PBXBuildFile; fileRef = C6B00C142C590A0E009AC4E2 /* BBIPApp.swift */; };
		C6B00C172C590A0E009AC4E2 /* ContentView.swift in Sources */ = {isa = PBXBuildFile; fileRef = C6B00C162C590A0E009AC4E2 /* ContentView.swift */; };
		C6B00C192C590A10009AC4E2 /* Assets.xcassets in Resources */ = {isa = PBXBuildFile; fileRef = C6B00C182C590A10009AC4E2 /* Assets.xcassets */; };
		C6B00C1C2C590A10009AC4E2 /* Preview Assets.xcassets in Resources */ = {isa = PBXBuildFile; fileRef = C6B00C1B2C590A10009AC4E2 /* Preview Assets.xcassets */; };
		C6B8CE342C7AA4BC0006E906 /* CombineMoya in Frameworks */ = {isa = PBXBuildFile; productRef = C6B8CE332C7AA4BC0006E906 /* CombineMoya */; };
		C6B8CE362C7AA4BC0006E906 /* Moya in Frameworks */ = {isa = PBXBuildFile; productRef = C6B8CE352C7AA4BC0006E906 /* Moya */; };
		C6B8CE392C7AA5210006E906 /* Lottie in Frameworks */ = {isa = PBXBuildFile; productRef = C6B8CE382C7AA5210006E906 /* Lottie */; };
/* End PBXBuildFile section */

/* Begin PBXFileReference section */
		08368B9B2C6E5AE1008EB44B /* UISProfileView.swift */ = {isa = PBXFileReference; lastKnownFileType = sourcecode.swift; path = UISProfileView.swift; sourceTree = "<group>"; };
		0865DA732C7AB56B00779741 /* UISBirthView.swift */ = {isa = PBXFileReference; lastKnownFileType = sourcecode.swift; path = UISBirthView.swift; sourceTree = "<group>"; };
		C61A47252C6686760016986D /* WantedSans-Medium.otf */ = {isa = PBXFileReference; lastKnownFileType = file; path = "WantedSans-Medium.otf"; sourceTree = "<group>"; };
		C61A47262C6686760016986D /* WantedSans-Bold.otf */ = {isa = PBXFileReference; lastKnownFileType = file; path = "WantedSans-Bold.otf"; sourceTree = "<group>"; };
		C61A47272C6686760016986D /* WantedSans-Regular.otf */ = {isa = PBXFileReference; lastKnownFileType = file; path = "WantedSans-Regular.otf"; sourceTree = "<group>"; };
		C61A47282C6686760016986D /* WantedSans-SemiBold.otf */ = {isa = PBXFileReference; lastKnownFileType = file; path = "WantedSans-SemiBold.otf"; sourceTree = "<group>"; };
		C61A472D2C6686CA0016986D /* Info.plist */ = {isa = PBXFileReference; lastKnownFileType = text.plist; path = Info.plist; sourceTree = "<group>"; };
		C61A472F2C6687690016986D /* Font+Extension.swift */ = {isa = PBXFileReference; lastKnownFileType = sourcecode.swift; path = "Font+Extension.swift"; sourceTree = "<group>"; };
		C61EDBA82C679C4600E8FF83 /* OnboardingView.swift */ = {isa = PBXFileReference; lastKnownFileType = sourcecode.swift; path = OnboardingView.swift; sourceTree = "<group>"; };
		C61EDBAA2C679E1300E8FF83 /* MainButton.swift */ = {isa = PBXFileReference; lastKnownFileType = sourcecode.swift; path = MainButton.swift; sourceTree = "<group>"; };
		C61EDBAC2C68AA0500E8FF83 /* OnboardingViewModel.swift */ = {isa = PBXFileReference; lastKnownFileType = sourcecode.swift; path = OnboardingViewModel.swift; sourceTree = "<group>"; };
		C61EDBB02C68B17C00E8FF83 /* OnboardingContent.swift */ = {isa = PBXFileReference; lastKnownFileType = sourcecode.swift; path = OnboardingContent.swift; sourceTree = "<group>"; };
		C668E9C52C7AABA300298B52 /* UISHeaderView.swift */ = {isa = PBXFileReference; lastKnownFileType = sourcecode.swift; path = UISHeaderView.swift; sourceTree = "<group>"; };
		C668E9C72C7AB0BE00298B52 /* UISActiveAreaView.swift */ = {isa = PBXFileReference; lastKnownFileType = sourcecode.swift; path = UISActiveAreaView.swift; sourceTree = "<group>"; };
		C668E9C92C7ABC2D00298B52 /* AreaData.swift */ = {isa = PBXFileReference; lastKnownFileType = sourcecode.swift; path = AreaData.swift; sourceTree = "<group>"; };
		C695BDED2C64A2C1009DEC3C /* Example.swift */ = {isa = PBXFileReference; lastKnownFileType = sourcecode.swift; path = Example.swift; sourceTree = "<group>"; };
		C695BDF32C64A2DB009DEC3C /* Example.swift */ = {isa = PBXFileReference; lastKnownFileType = sourcecode.swift; path = Example.swift; sourceTree = "<group>"; };
		C695BDF42C64A2DD009DEC3C /* Example.swift */ = {isa = PBXFileReference; lastKnownFileType = sourcecode.swift; path = Example.swift; sourceTree = "<group>"; };
		C695BDF82C64CB63009DEC3C /* Example.swift */ = {isa = PBXFileReference; lastKnownFileType = sourcecode.swift; path = Example.swift; sourceTree = "<group>"; };
		C695BE042C64CBE8009DEC3C /* Example.swift */ = {isa = PBXFileReference; lastKnownFileType = sourcecode.swift; path = Example.swift; sourceTree = "<group>"; };
		C695BE052C64CBEB009DEC3C /* Example.swift */ = {isa = PBXFileReference; lastKnownFileType = sourcecode.swift; path = Example.swift; sourceTree = "<group>"; };
		C695BE072C64CBF5009DEC3C /* Example.swift */ = {isa = PBXFileReference; lastKnownFileType = sourcecode.swift; path = Example.swift; sourceTree = "<group>"; };
		C695BE082C64CC08009DEC3C /* Example.swift */ = {isa = PBXFileReference; lastKnownFileType = sourcecode.swift; path = Example.swift; sourceTree = "<group>"; };
		C695BE0B2C64CC57009DEC3C /* Example.swift */ = {isa = PBXFileReference; lastKnownFileType = sourcecode.swift; path = Example.swift; sourceTree = "<group>"; };
		C695BE0C2C64CCA0009DEC3C /* AppDelegate.swift */ = {isa = PBXFileReference; lastKnownFileType = sourcecode.swift; path = AppDelegate.swift; sourceTree = "<group>"; };
		C695BE0E2C64CD59009DEC3C /* Launch Screen.storyboard */ = {isa = PBXFileReference; lastKnownFileType = file.storyboard; path = "Launch Screen.storyboard"; sourceTree = "<group>"; };
		C695CB4B2C7DE30100BB3952 /* TestEntity.swift */ = {isa = PBXFileReference; lastKnownFileType = sourcecode.swift; path = TestEntity.swift; sourceTree = "<group>"; };
		C695CB4D2C7DE9E000BB3952 /* UISInterestView.swift */ = {isa = PBXFileReference; lastKnownFileType = sourcecode.swift; path = UISInterestView.swift; sourceTree = "<group>"; };
		C695CB4F2C7DE9FB00BB3952 /* GridButtonView.swift */ = {isa = PBXFileReference; lastKnownFileType = sourcecode.swift; path = GridButtonView.swift; sourceTree = "<group>"; };
		C695CB512C7DEB4600BB3952 /* GridButtonContent.swift */ = {isa = PBXFileReference; lastKnownFileType = sourcecode.swift; path = GridButtonContent.swift; sourceTree = "<group>"; };
		C695CB532C7DF95D00BB3952 /* RadiusBorder.swift */ = {isa = PBXFileReference; lastKnownFileType = sourcecode.swift; path = RadiusBorder.swift; sourceTree = "<group>"; };
		C6A10ACF2C6C7D5E001AA74E /* UserInfoSetupView.swift */ = {isa = PBXFileReference; lastKnownFileType = sourcecode.swift; path = UserInfoSetupView.swift; sourceTree = "<group>"; };
		C6A10AD12C6C86BE001AA74E /* BackButtonStyle.swift */ = {isa = PBXFileReference; lastKnownFileType = sourcecode.swift; path = BackButtonStyle.swift; sourceTree = "<group>"; };
		C6A10AD32C6C8CCC001AA74E /* UserInfoSetupViewModel.swift */ = {isa = PBXFileReference; lastKnownFileType = sourcecode.swift; path = UserInfoSetupViewModel.swift; sourceTree = "<group>"; };
		C6A10AD52C6C8D2E001AA74E /* UserInfoSetupContent.swift */ = {isa = PBXFileReference; lastKnownFileType = sourcecode.swift; path = UserInfoSetupContent.swift; sourceTree = "<group>"; };
		C6B00C112C590A0E009AC4E2 /* BBIP.app */ = {isa = PBXFileReference; explicitFileType = wrapper.application; includeInIndex = 0; path = BBIP.app; sourceTree = BUILT_PRODUCTS_DIR; };
		C6B00C142C590A0E009AC4E2 /* BBIPApp.swift */ = {isa = PBXFileReference; lastKnownFileType = sourcecode.swift; path = BBIPApp.swift; sourceTree = "<group>"; };
		C6B00C162C590A0E009AC4E2 /* ContentView.swift */ = {isa = PBXFileReference; lastKnownFileType = sourcecode.swift; path = ContentView.swift; sourceTree = "<group>"; };
		C6B00C182C590A10009AC4E2 /* Assets.xcassets */ = {isa = PBXFileReference; lastKnownFileType = folder.assetcatalog; path = Assets.xcassets; sourceTree = "<group>"; };
		C6B00C1B2C590A10009AC4E2 /* Preview Assets.xcassets */ = {isa = PBXFileReference; lastKnownFileType = folder.assetcatalog; path = "Preview Assets.xcassets"; sourceTree = "<group>"; };
/* End PBXFileReference section */

/* Begin PBXFrameworksBuildPhase section */
		C6B00C0E2C590A0E009AC4E2 /* Frameworks */ = {
			isa = PBXFrameworksBuildPhase;
			buildActionMask = 2147483647;
			files = (
				C6B8CE342C7AA4BC0006E906 /* CombineMoya in Frameworks */,
				C6B8CE362C7AA4BC0006E906 /* Moya in Frameworks */,
				C6B8CE392C7AA5210006E906 /* Lottie in Frameworks */,
			);
			runOnlyForDeploymentPostprocessing = 0;
		};
/* End PBXFrameworksBuildPhase section */

/* Begin PBXGroup section */
		C61A47242C6686630016986D /* Font */ = {
			isa = PBXGroup;
			children = (
				C61A47262C6686760016986D /* WantedSans-Bold.otf */,
				C61A47252C6686760016986D /* WantedSans-Medium.otf */,
				C61A47272C6686760016986D /* WantedSans-Regular.otf */,
				C61A47282C6686760016986D /* WantedSans-SemiBold.otf */,
			);
			path = Font;
			sourceTree = "<group>";
		};
		C668E9CB2C7ABC5B00298B52 /* Constant */ = {
			isa = PBXGroup;
			children = (
				C668E9C92C7ABC2D00298B52 /* AreaData.swift */,
				C61EDBB02C68B17C00E8FF83 /* OnboardingContent.swift */,
				C6A10AD52C6C8D2E001AA74E /* UserInfoSetupContent.swift */,
				C695CB512C7DEB4600BB3952 /* GridButtonContent.swift */,
			);
			path = Constant;
			sourceTree = "<group>";
		};
		C695BDE02C649EDE009DEC3C /* App */ = {
			isa = PBXGroup;
			children = (
				C6B00C142C590A0E009AC4E2 /* BBIPApp.swift */,
				C695BE0C2C64CCA0009DEC3C /* AppDelegate.swift */,
				C6B00C162C590A0E009AC4E2 /* ContentView.swift */,
				C695BE0E2C64CD59009DEC3C /* Launch Screen.storyboard */,
			);
			path = App;
			sourceTree = "<group>";
		};
		C695BDE12C649F06009DEC3C /* Core */ = {
			isa = PBXGroup;
			children = (
				C695BDEA2C649FDD009DEC3C /* Service */,
				C695BDF72C64CB57009DEC3C /* Util */,
				C695BDEB2C649FE3009DEC3C /* Extension */,
				C668E9CB2C7ABC5B00298B52 /* Constant */,
			);
			path = Core;
			sourceTree = "<group>";
		};
		C695BDE22C649F0D009DEC3C /* Component */ = {
			isa = PBXGroup;
			children = (
				C61EDBAA2C679E1300E8FF83 /* MainButton.swift */,
				C668E9C52C7AABA300298B52 /* UISHeaderView.swift */,
				C695CB4F2C7DE9FB00BB3952 /* GridButtonView.swift */,
				C695BDEC2C649FF0009DEC3C /* ViewModifier */,
			);
			path = Component;
			sourceTree = "<group>";
		};
		C695BDE32C649F15009DEC3C /* Feature */ = {
			isa = PBXGroup;
			children = (
				C695BDE92C649F8B009DEC3C /* Onboarding */,
				C6A10ACE2C6C7CC4001AA74E /* UserInfoSetup */,
				C695BDE82C649F67009DEC3C /* SignIn */,
				C695BDE72C649F63009DEC3C /* Home */,
			);
			path = Feature;
			sourceTree = "<group>";
		};
		C695BDE72C649F63009DEC3C /* Home */ = {
			isa = PBXGroup;
			children = (
				C695BDF42C64A2DD009DEC3C /* Example.swift */,
			);
			path = Home;
			sourceTree = "<group>";
		};
		C695BDE82C649F67009DEC3C /* SignIn */ = {
			isa = PBXGroup;
			children = (
				C695BDF32C64A2DB009DEC3C /* Example.swift */,
			);
			path = SignIn;
			sourceTree = "<group>";
		};
		C695BDE92C649F8B009DEC3C /* Onboarding */ = {
			isa = PBXGroup;
			children = (
				C61EDBA82C679C4600E8FF83 /* OnboardingView.swift */,
				C61EDBAC2C68AA0500E8FF83 /* OnboardingViewModel.swift */,
			);
			path = Onboarding;
			sourceTree = "<group>";
		};
		C695BDEA2C649FDD009DEC3C /* Service */ = {
			isa = PBXGroup;
			children = (
				C695BDED2C64A2C1009DEC3C /* Example.swift */,
			);
			path = Service;
			sourceTree = "<group>";
		};
		C695BDEB2C649FE3009DEC3C /* Extension */ = {
			isa = PBXGroup;
			children = (
				C61A472F2C6687690016986D /* Font+Extension.swift */,
			);
			path = Extension;
			sourceTree = "<group>";
		};
		C695BDEC2C649FF0009DEC3C /* ViewModifier */ = {
			isa = PBXGroup;
			children = (
				C6A10AD12C6C86BE001AA74E /* BackButtonStyle.swift */,
				C695CB532C7DF95D00BB3952 /* RadiusBorder.swift */,
			);
			path = ViewModifier;
			sourceTree = "<group>";
		};
		C695BDF72C64CB57009DEC3C /* Util */ = {
			isa = PBXGroup;
			children = (
				C695BDF82C64CB63009DEC3C /* Example.swift */,
			);
			path = Util;
			sourceTree = "<group>";
		};
		C695BDF92C64CB79009DEC3C /* Data */ = {
			isa = PBXGroup;
			children = (
				C695BDFA2C64CB7F009DEC3C /* DTO */,
				C695BDFB2C64CB83009DEC3C /* Mapper */,
				C695BDFC2C64CB88009DEC3C /* DataSource */,
				C695BDFE2C64CB9F009DEC3C /* Repository */,
			);
			path = Data;
			sourceTree = "<group>";
		};
		C695BDFA2C64CB7F009DEC3C /* DTO */ = {
			isa = PBXGroup;
			children = (
				C695BE042C64CBE8009DEC3C /* Example.swift */,
			);
			path = DTO;
			sourceTree = "<group>";
		};
		C695BDFB2C64CB83009DEC3C /* Mapper */ = {
			isa = PBXGroup;
			children = (
				C695BE052C64CBEB009DEC3C /* Example.swift */,
			);
			path = Mapper;
			sourceTree = "<group>";
		};
		C695BDFC2C64CB88009DEC3C /* DataSource */ = {
			isa = PBXGroup;
			children = (
				C695BDFD2C64CB97009DEC3C /* Network */,
			);
			path = DataSource;
			sourceTree = "<group>";
		};
		C695BDFD2C64CB97009DEC3C /* Network */ = {
			isa = PBXGroup;
			children = (
				C695BE072C64CBF5009DEC3C /* Example.swift */,
			);
			path = Network;
			sourceTree = "<group>";
		};
		C695BDFE2C64CB9F009DEC3C /* Repository */ = {
			isa = PBXGroup;
			children = (
				C695BE0B2C64CC57009DEC3C /* Example.swift */,
			);
			path = Repository;
			sourceTree = "<group>";
		};
		C695BDFF2C64CBB7009DEC3C /* Domain */ = {
			isa = PBXGroup;
			children = (
				C695BE002C64CBC4009DEC3C /* UseCase */,
				C695BE012C64CBC8009DEC3C /* Entity */,
			);
			path = Domain;
			sourceTree = "<group>";
		};
		C695BE002C64CBC4009DEC3C /* UseCase */ = {
			isa = PBXGroup;
			children = (
				C695BE082C64CC08009DEC3C /* Example.swift */,
			);
			path = UseCase;
			sourceTree = "<group>";
		};
		C695BE012C64CBC8009DEC3C /* Entity */ = {
			isa = PBXGroup;
			children = (
				C695CB4B2C7DE30100BB3952 /* TestEntity.swift */,
			);
			path = Entity;
			sourceTree = "<group>";
		};
		C695BE022C64CBD3009DEC3C /* Resource */ = {
			isa = PBXGroup;
			children = (
				C61A47242C6686630016986D /* Font */,
				C695BE032C64CBDE009DEC3C /* Lottie */,
				C6B00C182C590A10009AC4E2 /* Assets.xcassets */,
			);
			path = Resource;
			sourceTree = "<group>";
		};
		C695BE032C64CBDE009DEC3C /* Lottie */ = {
			isa = PBXGroup;
			children = (
			);
			path = Lottie;
			sourceTree = "<group>";
		};
		C6A10ACE2C6C7CC4001AA74E /* UserInfoSetup */ = {
			isa = PBXGroup;
			children = (
				C6A10ACF2C6C7D5E001AA74E /* UserInfoSetupView.swift */,
				C6A10AD32C6C8CCC001AA74E /* UserInfoSetupViewModel.swift */,
				C668E9C72C7AB0BE00298B52 /* UISActiveAreaView.swift */,
				C695CB4D2C7DE9E000BB3952 /* UISInterestView.swift */,
				08368B9B2C6E5AE1008EB44B /* UISProfileView.swift */,
				0865DA732C7AB56B00779741 /* UISBirthView.swift */,
			);
			path = UserInfoSetup;
			sourceTree = "<group>";
		};
		C6B00C082C590A0E009AC4E2 = {
			isa = PBXGroup;
			children = (
				C6B00C132C590A0E009AC4E2 /* BBIP */,
				C6B00C122C590A0E009AC4E2 /* Products */,
			);
			sourceTree = "<group>";
		};
		C6B00C122C590A0E009AC4E2 /* Products */ = {
			isa = PBXGroup;
			children = (
				C6B00C112C590A0E009AC4E2 /* BBIP.app */,
			);
			name = Products;
			sourceTree = "<group>";
		};
		C6B00C132C590A0E009AC4E2 /* BBIP */ = {
			isa = PBXGroup;
			children = (
				C61A472D2C6686CA0016986D /* Info.plist */,
				C695BDE02C649EDE009DEC3C /* App */,
				C695BDE12C649F06009DEC3C /* Core */,
				C695BDE22C649F0D009DEC3C /* Component */,
				C695BDE32C649F15009DEC3C /* Feature */,
				C695BDF92C64CB79009DEC3C /* Data */,
				C695BDFF2C64CBB7009DEC3C /* Domain */,
				C695BE022C64CBD3009DEC3C /* Resource */,
				C6B00C1A2C590A10009AC4E2 /* Preview Content */,
			);
			path = BBIP;
			sourceTree = "<group>";
		};
		C6B00C1A2C590A10009AC4E2 /* Preview Content */ = {
			isa = PBXGroup;
			children = (
				C6B00C1B2C590A10009AC4E2 /* Preview Assets.xcassets */,
			);
			path = "Preview Content";
			sourceTree = "<group>";
		};
/* End PBXGroup section */

/* Begin PBXNativeTarget section */
		C6B00C102C590A0E009AC4E2 /* BBIP */ = {
			isa = PBXNativeTarget;
			buildConfigurationList = C6B00C1F2C590A10009AC4E2 /* Build configuration list for PBXNativeTarget "BBIP" */;
			buildPhases = (
				C6B00C0D2C590A0E009AC4E2 /* Sources */,
				C6B00C0E2C590A0E009AC4E2 /* Frameworks */,
				C6B00C0F2C590A0E009AC4E2 /* Resources */,
			);
			buildRules = (
			);
			dependencies = (
			);
			name = BBIP;
			packageProductDependencies = (
				C6B8CE332C7AA4BC0006E906 /* CombineMoya */,
				C6B8CE352C7AA4BC0006E906 /* Moya */,
				C6B8CE382C7AA5210006E906 /* Lottie */,
			);
			productName = BBIP;
			productReference = C6B00C112C590A0E009AC4E2 /* BBIP.app */;
			productType = "com.apple.product-type.application";
		};
/* End PBXNativeTarget section */

/* Begin PBXProject section */
		C6B00C092C590A0E009AC4E2 /* Project object */ = {
			isa = PBXProject;
			attributes = {
				BuildIndependentTargetsInParallel = 1;
				LastSwiftUpdateCheck = 1540;
				LastUpgradeCheck = 1540;
				TargetAttributes = {
					C6B00C102C590A0E009AC4E2 = {
						CreatedOnToolsVersion = 15.4;
					};
				};
			};
			buildConfigurationList = C6B00C0C2C590A0E009AC4E2 /* Build configuration list for PBXProject "BBIP" */;
			compatibilityVersion = "Xcode 14.0";
			developmentRegion = en;
			hasScannedForEncodings = 0;
			knownRegions = (
				en,
				Base,
			);
			mainGroup = C6B00C082C590A0E009AC4E2;
			packageReferences = (
				C6B8CE322C7AA4BC0006E906 /* XCRemoteSwiftPackageReference "Moya" */,
				C6B8CE372C7AA5210006E906 /* XCRemoteSwiftPackageReference "lottie-ios" */,
			);
			productRefGroup = C6B00C122C590A0E009AC4E2 /* Products */;
			projectDirPath = "";
			projectRoot = "";
			targets = (
				C6B00C102C590A0E009AC4E2 /* BBIP */,
			);
		};
/* End PBXProject section */

/* Begin PBXResourcesBuildPhase section */
		C6B00C0F2C590A0E009AC4E2 /* Resources */ = {
			isa = PBXResourcesBuildPhase;
			buildActionMask = 2147483647;
			files = (
				C695BE0F2C64CD59009DEC3C /* Launch Screen.storyboard in Resources */,
				C61A472A2C6686760016986D /* WantedSans-Bold.otf in Resources */,
				C61A472B2C6686760016986D /* WantedSans-Regular.otf in Resources */,
				C6B00C1C2C590A10009AC4E2 /* Preview Assets.xcassets in Resources */,
				C61A47292C6686760016986D /* WantedSans-Medium.otf in Resources */,
				C61A472C2C6686760016986D /* WantedSans-SemiBold.otf in Resources */,
				C6B00C192C590A10009AC4E2 /* Assets.xcassets in Resources */,
			);
			runOnlyForDeploymentPostprocessing = 0;
		};
/* End PBXResourcesBuildPhase section */

/* Begin PBXSourcesBuildPhase section */
		C6B00C0D2C590A0E009AC4E2 /* Sources */ = {
			isa = PBXSourcesBuildPhase;
			buildActionMask = 2147483647;
			files = (
				C695BE0D2C64CCA0009DEC3C /* AppDelegate.swift in Sources */,
				08368B9C2C6E5AE1008EB44B /* UISProfileView.swift in Sources */,
				C6A10AD02C6C7D5E001AA74E /* UserInfoSetupView.swift in Sources */,
				C668E9C82C7AB0BE00298B52 /* UISActiveAreaView.swift in Sources */,
				C6A10AD62C6C8D2E001AA74E /* UserInfoSetupContent.swift in Sources */,
				C61EDBB12C68B17C00E8FF83 /* OnboardingContent.swift in Sources */,
				C695CB502C7DE9FB00BB3952 /* GridButtonView.swift in Sources */,
				C6A10AD42C6C8CCC001AA74E /* UserInfoSetupViewModel.swift in Sources */,
				C61A47302C6687690016986D /* Font+Extension.swift in Sources */,
				C695CB4C2C7DE30100BB3952 /* TestEntity.swift in Sources */,
				C61EDBAB2C679E1300E8FF83 /* MainButton.swift in Sources */,
				C695CB542C7DF95D00BB3952 /* RadiusBorder.swift in Sources */,
				C61EDBAD2C68AA0500E8FF83 /* OnboardingViewModel.swift in Sources */,
				C6B00C172C590A0E009AC4E2 /* ContentView.swift in Sources */,
				C668E9C62C7AABA300298B52 /* UISHeaderView.swift in Sources */,
				C6A10AD22C6C86BE001AA74E /* BackButtonStyle.swift in Sources */,
				C695CB4E2C7DE9E000BB3952 /* UISInterestView.swift in Sources */,
				C61EDBA92C679C4600E8FF83 /* OnboardingView.swift in Sources */,
				C695CB522C7DEB4600BB3952 /* GridButtonContent.swift in Sources */,
				0865DA742C7AB56B00779741 /* UISBirthView.swift in Sources */,
				C6B00C152C590A0E009AC4E2 /* BBIPApp.swift in Sources */,
				C668E9CA2C7ABC2D00298B52 /* AreaData.swift in Sources */,
				C695BDEE2C64A2C1009DEC3C /* Example.swift in Sources */,
			);
			runOnlyForDeploymentPostprocessing = 0;
		};
/* End PBXSourcesBuildPhase section */

/* Begin XCBuildConfiguration section */
		C6B00C1D2C590A10009AC4E2 /* Debug */ = {
			isa = XCBuildConfiguration;
			buildSettings = {
				ALWAYS_SEARCH_USER_PATHS = NO;
				ASSETCATALOG_COMPILER_GENERATE_SWIFT_ASSET_SYMBOL_EXTENSIONS = YES;
				CLANG_ANALYZER_NONNULL = YES;
				CLANG_ANALYZER_NUMBER_OBJECT_CONVERSION = YES_AGGRESSIVE;
				CLANG_CXX_LANGUAGE_STANDARD = "gnu++20";
				CLANG_ENABLE_MODULES = YES;
				CLANG_ENABLE_OBJC_ARC = YES;
				CLANG_ENABLE_OBJC_WEAK = YES;
				CLANG_WARN_BLOCK_CAPTURE_AUTORELEASING = YES;
				CLANG_WARN_BOOL_CONVERSION = YES;
				CLANG_WARN_COMMA = YES;
				CLANG_WARN_CONSTANT_CONVERSION = YES;
				CLANG_WARN_DEPRECATED_OBJC_IMPLEMENTATIONS = YES;
				CLANG_WARN_DIRECT_OBJC_ISA_USAGE = YES_ERROR;
				CLANG_WARN_DOCUMENTATION_COMMENTS = YES;
				CLANG_WARN_EMPTY_BODY = YES;
				CLANG_WARN_ENUM_CONVERSION = YES;
				CLANG_WARN_INFINITE_RECURSION = YES;
				CLANG_WARN_INT_CONVERSION = YES;
				CLANG_WARN_NON_LITERAL_NULL_CONVERSION = YES;
				CLANG_WARN_OBJC_IMPLICIT_RETAIN_SELF = YES;
				CLANG_WARN_OBJC_LITERAL_CONVERSION = YES;
				CLANG_WARN_OBJC_ROOT_CLASS = YES_ERROR;
				CLANG_WARN_QUOTED_INCLUDE_IN_FRAMEWORK_HEADER = YES;
				CLANG_WARN_RANGE_LOOP_ANALYSIS = YES;
				CLANG_WARN_STRICT_PROTOTYPES = YES;
				CLANG_WARN_SUSPICIOUS_MOVE = YES;
				CLANG_WARN_UNGUARDED_AVAILABILITY = YES_AGGRESSIVE;
				CLANG_WARN_UNREACHABLE_CODE = YES;
				CLANG_WARN__DUPLICATE_METHOD_MATCH = YES;
				COPY_PHASE_STRIP = NO;
				DEBUG_INFORMATION_FORMAT = dwarf;
				ENABLE_STRICT_OBJC_MSGSEND = YES;
				ENABLE_TESTABILITY = YES;
				ENABLE_USER_SCRIPT_SANDBOXING = YES;
				GCC_C_LANGUAGE_STANDARD = gnu17;
				GCC_DYNAMIC_NO_PIC = NO;
				GCC_NO_COMMON_BLOCKS = YES;
				GCC_OPTIMIZATION_LEVEL = 0;
				GCC_PREPROCESSOR_DEFINITIONS = (
					"DEBUG=1",
					"$(inherited)",
				);
				GCC_WARN_64_TO_32_BIT_CONVERSION = YES;
				GCC_WARN_ABOUT_RETURN_TYPE = YES_ERROR;
				GCC_WARN_UNDECLARED_SELECTOR = YES;
				GCC_WARN_UNINITIALIZED_AUTOS = YES_AGGRESSIVE;
				GCC_WARN_UNUSED_FUNCTION = YES;
				GCC_WARN_UNUSED_VARIABLE = YES;
				IPHONEOS_DEPLOYMENT_TARGET = 17.0;
				LOCALIZATION_PREFERS_STRING_CATALOGS = YES;
				MTL_ENABLE_DEBUG_INFO = INCLUDE_SOURCE;
				MTL_FAST_MATH = YES;
				ONLY_ACTIVE_ARCH = YES;
				SDKROOT = iphoneos;
				SWIFT_ACTIVE_COMPILATION_CONDITIONS = "DEBUG $(inherited)";
				SWIFT_OPTIMIZATION_LEVEL = "-Onone";
			};
			name = Debug;
		};
		C6B00C1E2C590A10009AC4E2 /* Release */ = {
			isa = XCBuildConfiguration;
			buildSettings = {
				ALWAYS_SEARCH_USER_PATHS = NO;
				ASSETCATALOG_COMPILER_GENERATE_SWIFT_ASSET_SYMBOL_EXTENSIONS = YES;
				CLANG_ANALYZER_NONNULL = YES;
				CLANG_ANALYZER_NUMBER_OBJECT_CONVERSION = YES_AGGRESSIVE;
				CLANG_CXX_LANGUAGE_STANDARD = "gnu++20";
				CLANG_ENABLE_MODULES = YES;
				CLANG_ENABLE_OBJC_ARC = YES;
				CLANG_ENABLE_OBJC_WEAK = YES;
				CLANG_WARN_BLOCK_CAPTURE_AUTORELEASING = YES;
				CLANG_WARN_BOOL_CONVERSION = YES;
				CLANG_WARN_COMMA = YES;
				CLANG_WARN_CONSTANT_CONVERSION = YES;
				CLANG_WARN_DEPRECATED_OBJC_IMPLEMENTATIONS = YES;
				CLANG_WARN_DIRECT_OBJC_ISA_USAGE = YES_ERROR;
				CLANG_WARN_DOCUMENTATION_COMMENTS = YES;
				CLANG_WARN_EMPTY_BODY = YES;
				CLANG_WARN_ENUM_CONVERSION = YES;
				CLANG_WARN_INFINITE_RECURSION = YES;
				CLANG_WARN_INT_CONVERSION = YES;
				CLANG_WARN_NON_LITERAL_NULL_CONVERSION = YES;
				CLANG_WARN_OBJC_IMPLICIT_RETAIN_SELF = YES;
				CLANG_WARN_OBJC_LITERAL_CONVERSION = YES;
				CLANG_WARN_OBJC_ROOT_CLASS = YES_ERROR;
				CLANG_WARN_QUOTED_INCLUDE_IN_FRAMEWORK_HEADER = YES;
				CLANG_WARN_RANGE_LOOP_ANALYSIS = YES;
				CLANG_WARN_STRICT_PROTOTYPES = YES;
				CLANG_WARN_SUSPICIOUS_MOVE = YES;
				CLANG_WARN_UNGUARDED_AVAILABILITY = YES_AGGRESSIVE;
				CLANG_WARN_UNREACHABLE_CODE = YES;
				CLANG_WARN__DUPLICATE_METHOD_MATCH = YES;
				COPY_PHASE_STRIP = NO;
				DEBUG_INFORMATION_FORMAT = "dwarf-with-dsym";
				ENABLE_NS_ASSERTIONS = NO;
				ENABLE_STRICT_OBJC_MSGSEND = YES;
				ENABLE_USER_SCRIPT_SANDBOXING = YES;
				GCC_C_LANGUAGE_STANDARD = gnu17;
				GCC_NO_COMMON_BLOCKS = YES;
				GCC_WARN_64_TO_32_BIT_CONVERSION = YES;
				GCC_WARN_ABOUT_RETURN_TYPE = YES_ERROR;
				GCC_WARN_UNDECLARED_SELECTOR = YES;
				GCC_WARN_UNINITIALIZED_AUTOS = YES_AGGRESSIVE;
				GCC_WARN_UNUSED_FUNCTION = YES;
				GCC_WARN_UNUSED_VARIABLE = YES;
				IPHONEOS_DEPLOYMENT_TARGET = 17.0;
				LOCALIZATION_PREFERS_STRING_CATALOGS = YES;
				MTL_ENABLE_DEBUG_INFO = NO;
				MTL_FAST_MATH = YES;
				SDKROOT = iphoneos;
				SWIFT_COMPILATION_MODE = wholemodule;
				VALIDATE_PRODUCT = YES;
			};
			name = Release;
		};
		C6B00C202C590A10009AC4E2 /* Debug */ = {
			isa = XCBuildConfiguration;
			buildSettings = {
				ASSETCATALOG_COMPILER_APPICON_NAME = AppIcon;
				ASSETCATALOG_COMPILER_GLOBAL_ACCENT_COLOR_NAME = AccentColor;
				CODE_SIGN_IDENTITY = "Apple Development";
				CODE_SIGN_STYLE = Automatic;
				CURRENT_PROJECT_VERSION = 1;
				DEVELOPMENT_ASSET_PATHS = "\"BBIP/Preview Content\"";
				DEVELOPMENT_TEAM = 6JLYLDSW4U;
				ENABLE_PREVIEWS = YES;
				GENERATE_INFOPLIST_FILE = YES;
				INFOPLIST_FILE = BBIP/Info.plist;
				INFOPLIST_KEY_UIApplicationSceneManifest_Generation = YES;
				INFOPLIST_KEY_UIApplicationSupportsIndirectInputEvents = YES;
				INFOPLIST_KEY_UILaunchScreen_Generation = YES;
				INFOPLIST_KEY_UILaunchStoryboardName = "Launch Screen.storyboard";
				INFOPLIST_KEY_UIStatusBarStyle = UIStatusBarStyleLightContent;
				INFOPLIST_KEY_UISupportedInterfaceOrientations = UIInterfaceOrientationPortrait;
				INFOPLIST_KEY_UISupportedInterfaceOrientations_iPad = "UIInterfaceOrientationLandscapeLeft UIInterfaceOrientationLandscapeRight UIInterfaceOrientationPortrait UIInterfaceOrientationPortraitUpsideDown";
				INFOPLIST_KEY_UIUserInterfaceStyle = Light;
				IPHONEOS_DEPLOYMENT_TARGET = 17.0;
				LD_RUNPATH_SEARCH_PATHS = (
					"$(inherited)",
					"@executable_path/Frameworks",
				);
				MARKETING_VERSION = 1.0;
				PRODUCT_BUNDLE_IDENTIFIER = swand.BBIP;
				PRODUCT_NAME = "$(TARGET_NAME)";
				PROVISIONING_PROFILE_SPECIFIER = "";
				SUPPORTED_PLATFORMS = "iphoneos iphonesimulator";
				SUPPORTS_MACCATALYST = NO;
				SUPPORTS_MAC_DESIGNED_FOR_IPHONE_IPAD = NO;
				SUPPORTS_XR_DESIGNED_FOR_IPHONE_IPAD = NO;
				SWIFT_EMIT_LOC_STRINGS = YES;
				SWIFT_VERSION = 5.0;
				TARGETED_DEVICE_FAMILY = 1;
			};
			name = Debug;
		};
		C6B00C212C590A10009AC4E2 /* Release */ = {
			isa = XCBuildConfiguration;
			buildSettings = {
				ASSETCATALOG_COMPILER_APPICON_NAME = AppIcon;
				ASSETCATALOG_COMPILER_GLOBAL_ACCENT_COLOR_NAME = AccentColor;
				CODE_SIGN_STYLE = Automatic;
				CURRENT_PROJECT_VERSION = 1;
				DEVELOPMENT_ASSET_PATHS = "\"BBIP/Preview Content\"";
				DEVELOPMENT_TEAM = 6JLYLDSW4U;
				ENABLE_PREVIEWS = YES;
				GENERATE_INFOPLIST_FILE = YES;
				INFOPLIST_FILE = BBIP/Info.plist;
				INFOPLIST_KEY_UIApplicationSceneManifest_Generation = YES;
				INFOPLIST_KEY_UIApplicationSupportsIndirectInputEvents = YES;
				INFOPLIST_KEY_UILaunchScreen_Generation = YES;
				INFOPLIST_KEY_UILaunchStoryboardName = "Launch Screen.storyboard";
				INFOPLIST_KEY_UIStatusBarStyle = UIStatusBarStyleLightContent;
				INFOPLIST_KEY_UISupportedInterfaceOrientations = UIInterfaceOrientationPortrait;
				INFOPLIST_KEY_UISupportedInterfaceOrientations_iPad = "UIInterfaceOrientationLandscapeLeft UIInterfaceOrientationLandscapeRight UIInterfaceOrientationPortrait UIInterfaceOrientationPortraitUpsideDown";
				INFOPLIST_KEY_UIUserInterfaceStyle = Light;
				IPHONEOS_DEPLOYMENT_TARGET = 17.0;
				LD_RUNPATH_SEARCH_PATHS = (
					"$(inherited)",
					"@executable_path/Frameworks",
				);
				MARKETING_VERSION = 1.0;
				PRODUCT_BUNDLE_IDENTIFIER = swand.BBIP;
				PRODUCT_NAME = "$(TARGET_NAME)";
				SUPPORTED_PLATFORMS = "iphoneos iphonesimulator";
				SUPPORTS_MACCATALYST = NO;
				SUPPORTS_MAC_DESIGNED_FOR_IPHONE_IPAD = NO;
				SUPPORTS_XR_DESIGNED_FOR_IPHONE_IPAD = NO;
				SWIFT_EMIT_LOC_STRINGS = YES;
				SWIFT_VERSION = 5.0;
				TARGETED_DEVICE_FAMILY = 1;
			};
			name = Release;
		};
/* End XCBuildConfiguration section */

/* Begin XCConfigurationList section */
		C6B00C0C2C590A0E009AC4E2 /* Build configuration list for PBXProject "BBIP" */ = {
			isa = XCConfigurationList;
			buildConfigurations = (
				C6B00C1D2C590A10009AC4E2 /* Debug */,
				C6B00C1E2C590A10009AC4E2 /* Release */,
			);
			defaultConfigurationIsVisible = 0;
			defaultConfigurationName = Release;
		};
		C6B00C1F2C590A10009AC4E2 /* Build configuration list for PBXNativeTarget "BBIP" */ = {
			isa = XCConfigurationList;
			buildConfigurations = (
				C6B00C202C590A10009AC4E2 /* Debug */,
				C6B00C212C590A10009AC4E2 /* Release */,
			);
			defaultConfigurationIsVisible = 0;
			defaultConfigurationName = Release;
		};
/* End XCConfigurationList section */

/* Begin XCRemoteSwiftPackageReference section */
		C6B8CE322C7AA4BC0006E906 /* XCRemoteSwiftPackageReference "Moya" */ = {
			isa = XCRemoteSwiftPackageReference;
			repositoryURL = "https://github.com/Moya/Moya.git";
			requirement = {
				kind = upToNextMajorVersion;
				minimumVersion = 15.0.3;
			};
		};
		C6B8CE372C7AA5210006E906 /* XCRemoteSwiftPackageReference "lottie-ios" */ = {
			isa = XCRemoteSwiftPackageReference;
			repositoryURL = "https://github.com/airbnb/lottie-ios.git";
			requirement = {
				kind = upToNextMajorVersion;
				minimumVersion = 4.5.0;
			};
		};
/* End XCRemoteSwiftPackageReference section */

/* Begin XCSwiftPackageProductDependency section */
		C6B8CE332C7AA4BC0006E906 /* CombineMoya */ = {
			isa = XCSwiftPackageProductDependency;
			package = C6B8CE322C7AA4BC0006E906 /* XCRemoteSwiftPackageReference "Moya" */;
			productName = CombineMoya;
		};
		C6B8CE352C7AA4BC0006E906 /* Moya */ = {
			isa = XCSwiftPackageProductDependency;
			package = C6B8CE322C7AA4BC0006E906 /* XCRemoteSwiftPackageReference "Moya" */;
			productName = Moya;
		};
		C6B8CE382C7AA5210006E906 /* Lottie */ = {
			isa = XCSwiftPackageProductDependency;
			package = C6B8CE372C7AA5210006E906 /* XCRemoteSwiftPackageReference "lottie-ios" */;
			productName = Lottie;
		};
/* End XCSwiftPackageProductDependency section */
	};
	rootObject = C6B00C092C590A0E009AC4E2 /* Project object */;
}
